// !$*UTF8*$!
{
	archiveVersion = 1;
	classes = {
	};
	objectVersion = 50;
	objects = {

/* Begin PBXBuildFile section */
		2916B4E4239443F200C75480 /* AppDelegate.swift in Sources */ = {isa = PBXBuildFile; fileRef = 2916B4E3239443F200C75480 /* AppDelegate.swift */; };
		2916B4E6239443F200C75480 /* SceneDelegate.swift in Sources */ = {isa = PBXBuildFile; fileRef = 2916B4E5239443F200C75480 /* SceneDelegate.swift */; };
		2916B4E8239443F200C75480 /* ViewController.swift in Sources */ = {isa = PBXBuildFile; fileRef = 2916B4E7239443F200C75480 /* ViewController.swift */; };
		2916B4EB239443F200C75480 /* Main.storyboard in Resources */ = {isa = PBXBuildFile; fileRef = 2916B4E9239443F200C75480 /* Main.storyboard */; };
		2916B4ED239443F300C75480 /* Assets.xcassets in Resources */ = {isa = PBXBuildFile; fileRef = 2916B4EC239443F300C75480 /* Assets.xcassets */; };
		2916B4F0239443F300C75480 /* LaunchScreen.storyboard in Resources */ = {isa = PBXBuildFile; fileRef = 2916B4EE239443F300C75480 /* LaunchScreen.storyboard */; };
		2916B4F82394443900C75480 /* GoogleService-Info.plist in Resources */ = {isa = PBXBuildFile; fileRef = 2916B4F72394443900C75480 /* GoogleService-Info.plist */; };
		2916B5072394842200C75480 /* HomePageStoryboard.storyboard in Resources */ = {isa = PBXBuildFile; fileRef = 2916B5062394842200C75480 /* HomePageStoryboard.storyboard */; };
		2916B509239484A200C75480 /* HomePageViewController.swift in Sources */ = {isa = PBXBuildFile; fileRef = 2916B508239484A200C75480 /* HomePageViewController.swift */; };
		2923045F23949866000BA663 /* UserService.swift in Sources */ = {isa = PBXBuildFile; fileRef = 2923045E23949866000BA663 /* UserService.swift */; };
		292304612394A699000BA663 /* CurrentUserData.swift in Sources */ = {isa = PBXBuildFile; fileRef = 292304602394A699000BA663 /* CurrentUserData.swift */; };
		29230463239605E6000BA663 /* SkillService.swift in Sources */ = {isa = PBXBuildFile; fileRef = 29230462239605E6000BA663 /* SkillService.swift */; };
		298F2164239616B000849D22 /* Skill.swift in Sources */ = {isa = PBXBuildFile; fileRef = 298F2163239616B000849D22 /* Skill.swift */; };
		29BD9F2823B4191C00107E90 /* skillCell.swift in Sources */ = {isa = PBXBuildFile; fileRef = 29BD9F2723B4191C00107E90 /* skillCell.swift */; };
		29BD9F2A23B42D8E00107E90 /* CreateNewSkillStoryboard.storyboard in Resources */ = {isa = PBXBuildFile; fileRef = 29BD9F2923B42D8E00107E90 /* CreateNewSkillStoryboard.storyboard */; };
		29BD9F2C23B42DB800107E90 /* CreateNewSkillViewController.swift in Sources */ = {isa = PBXBuildFile; fileRef = 29BD9F2B23B42DB800107E90 /* CreateNewSkillViewController.swift */; };
		29BD9F3223B6BF0100107E90 /* SkillStoryBoard.storyboard in Resources */ = {isa = PBXBuildFile; fileRef = 29BD9F3123B6BF0100107E90 /* SkillStoryBoard.storyboard */; };
		29BD9F3423B6BF3200107E90 /* SkillViewController.swift in Sources */ = {isa = PBXBuildFile; fileRef = 29BD9F3323B6BF3200107E90 /* SkillViewController.swift */; };
		29EC53C623B703950060E155 /* DateValueFormatter.swift in Sources */ = {isa = PBXBuildFile; fileRef = 29EC53C523B703950060E155 /* DateValueFormatter.swift */; };
		29EC53C823B7198D0060E155 /* LineChartCreator.swift in Sources */ = {isa = PBXBuildFile; fileRef = 29EC53C723B7198D0060E155 /* LineChartCreator.swift */; };
		3B95B7E327972E1BBA1D5D5D /* Pods_Skill_Tracker.framework in Frameworks */ = {isa = PBXBuildFile; fileRef = 67CCEEFF920659D4A03B5CA6 /* Pods_Skill_Tracker.framework */; };
/* End PBXBuildFile section */

/* Begin PBXFileReference section */
		2916B4E0239443F200C75480 /* Skill Tracker.app */ = {isa = PBXFileReference; explicitFileType = wrapper.application; includeInIndex = 0; path = "Skill Tracker.app"; sourceTree = BUILT_PRODUCTS_DIR; };
		2916B4E3239443F200C75480 /* AppDelegate.swift */ = {isa = PBXFileReference; lastKnownFileType = sourcecode.swift; path = AppDelegate.swift; sourceTree = "<group>"; };
		2916B4E5239443F200C75480 /* SceneDelegate.swift */ = {isa = PBXFileReference; lastKnownFileType = sourcecode.swift; path = SceneDelegate.swift; sourceTree = "<group>"; };
		2916B4E7239443F200C75480 /* ViewController.swift */ = {isa = PBXFileReference; lastKnownFileType = sourcecode.swift; path = ViewController.swift; sourceTree = "<group>"; };
		2916B4EA239443F200C75480 /* Base */ = {isa = PBXFileReference; lastKnownFileType = file.storyboard; name = Base; path = Base.lproj/Main.storyboard; sourceTree = "<group>"; };
		2916B4EC239443F300C75480 /* Assets.xcassets */ = {isa = PBXFileReference; lastKnownFileType = folder.assetcatalog; path = Assets.xcassets; sourceTree = "<group>"; };
		2916B4EF239443F300C75480 /* Base */ = {isa = PBXFileReference; lastKnownFileType = file.storyboard; name = Base; path = Base.lproj/LaunchScreen.storyboard; sourceTree = "<group>"; };
		2916B4F1239443F300C75480 /* Info.plist */ = {isa = PBXFileReference; lastKnownFileType = text.plist.xml; path = Info.plist; sourceTree = "<group>"; };
		2916B4F72394443900C75480 /* GoogleService-Info.plist */ = {isa = PBXFileReference; fileEncoding = 4; lastKnownFileType = text.plist.xml; name = "GoogleService-Info.plist"; path = "Supporting Files/GoogleService-Info.plist"; sourceTree = "<group>"; };
		2916B4F923945BD200C75480 /* Skill Tracker-Bridging-Header.h */ = {isa = PBXFileReference; lastKnownFileType = sourcecode.c.h; path = "Skill Tracker-Bridging-Header.h"; sourceTree = "<group>"; };
		2916B5062394842200C75480 /* HomePageStoryboard.storyboard */ = {isa = PBXFileReference; lastKnownFileType = file.storyboard; path = HomePageStoryboard.storyboard; sourceTree = "<group>"; };
		2916B508239484A200C75480 /* HomePageViewController.swift */ = {isa = PBXFileReference; lastKnownFileType = sourcecode.swift; path = HomePageViewController.swift; sourceTree = "<group>"; };
		2923045E23949866000BA663 /* UserService.swift */ = {isa = PBXFileReference; lastKnownFileType = sourcecode.swift; path = UserService.swift; sourceTree = "<group>"; };
		292304602394A699000BA663 /* CurrentUserData.swift */ = {isa = PBXFileReference; lastKnownFileType = sourcecode.swift; path = CurrentUserData.swift; sourceTree = "<group>"; };
		29230462239605E6000BA663 /* SkillService.swift */ = {isa = PBXFileReference; lastKnownFileType = sourcecode.swift; path = SkillService.swift; sourceTree = "<group>"; };
		298F2163239616B000849D22 /* Skill.swift */ = {isa = PBXFileReference; lastKnownFileType = sourcecode.swift; path = Skill.swift; sourceTree = "<group>"; };
		29BD9F2723B4191C00107E90 /* skillCell.swift */ = {isa = PBXFileReference; lastKnownFileType = sourcecode.swift; path = skillCell.swift; sourceTree = "<group>"; };
		29BD9F2923B42D8E00107E90 /* CreateNewSkillStoryboard.storyboard */ = {isa = PBXFileReference; lastKnownFileType = file.storyboard; path = CreateNewSkillStoryboard.storyboard; sourceTree = "<group>"; };
		29BD9F2B23B42DB800107E90 /* CreateNewSkillViewController.swift */ = {isa = PBXFileReference; lastKnownFileType = sourcecode.swift; path = CreateNewSkillViewController.swift; sourceTree = "<group>"; };
		29BD9F3123B6BF0100107E90 /* SkillStoryBoard.storyboard */ = {isa = PBXFileReference; lastKnownFileType = file.storyboard; path = SkillStoryBoard.storyboard; sourceTree = "<group>"; };
		29BD9F3323B6BF3200107E90 /* SkillViewController.swift */ = {isa = PBXFileReference; lastKnownFileType = sourcecode.swift; path = SkillViewController.swift; sourceTree = "<group>"; };
		29EC53C523B703950060E155 /* DateValueFormatter.swift */ = {isa = PBXFileReference; lastKnownFileType = sourcecode.swift; path = DateValueFormatter.swift; sourceTree = "<group>"; };
		29EC53C723B7198D0060E155 /* LineChartCreator.swift */ = {isa = PBXFileReference; lastKnownFileType = sourcecode.swift; path = LineChartCreator.swift; sourceTree = "<group>"; };
		3377D6EEB7D8FDE14D0B690F /* Pods-Skill Tracker.debug.xcconfig */ = {isa = PBXFileReference; includeInIndex = 1; lastKnownFileType = text.xcconfig; name = "Pods-Skill Tracker.debug.xcconfig"; path = "Pods/Target Support Files/Pods-Skill Tracker/Pods-Skill Tracker.debug.xcconfig"; sourceTree = "<group>"; };
		67CCEEFF920659D4A03B5CA6 /* Pods_Skill_Tracker.framework */ = {isa = PBXFileReference; explicitFileType = wrapper.framework; includeInIndex = 0; path = Pods_Skill_Tracker.framework; sourceTree = BUILT_PRODUCTS_DIR; };
		9AC96694CC0D4D7B4635A50D /* Pods-Skill Tracker.release.xcconfig */ = {isa = PBXFileReference; includeInIndex = 1; lastKnownFileType = text.xcconfig; name = "Pods-Skill Tracker.release.xcconfig"; path = "Pods/Target Support Files/Pods-Skill Tracker/Pods-Skill Tracker.release.xcconfig"; sourceTree = "<group>"; };
/* End PBXFileReference section */

/* Begin PBXFrameworksBuildPhase section */
		2916B4DD239443F200C75480 /* Frameworks */ = {
			isa = PBXFrameworksBuildPhase;
			buildActionMask = 2147483647;
			files = (
				3B95B7E327972E1BBA1D5D5D /* Pods_Skill_Tracker.framework in Frameworks */,
			);
			runOnlyForDeploymentPostprocessing = 0;
		};
/* End PBXFrameworksBuildPhase section */

/* Begin PBXGroup section */
		2916B4D7239443F200C75480 = {
			isa = PBXGroup;
			children = (
				2916B4E2239443F200C75480 /* Skill Tracker */,
				2916B4E1239443F200C75480 /* Products */,
				C00AC8DED5B6A5C79C78203E /* Pods */,
				428AC1E7E60117E07451CB01 /* Frameworks */,
			);
			sourceTree = "<group>";
		};
		2916B4E1239443F200C75480 /* Products */ = {
			isa = PBXGroup;
			children = (
				2916B4E0239443F200C75480 /* Skill Tracker.app */,
			);
			name = Products;
			sourceTree = "<group>";
		};
		2916B4E2239443F200C75480 /* Skill Tracker */ = {
			isa = PBXGroup;
			children = (
				2916B5032394815C00C75480 /* Views */,
				2916B5012394814B00C75480 /* StoryBoards */,
				2916B5002394814000C75480 /* Services */,
				2916B4FF2394813700C75480 /* Models */,
				2916B4FE2394812600C75480 /* Extensions */,
				2916B4FD2394810A00C75480 /* Controllers */,
				2916B5022394815600C75480 /* Supporting Files */,
				2916B4E5239443F200C75480 /* SceneDelegate.swift */,
				2916B4E3239443F200C75480 /* AppDelegate.swift */,
				2916B4F923945BD200C75480 /* Skill Tracker-Bridging-Header.h */,
				2916B4F1239443F300C75480 /* Info.plist */,
				2916B4F72394443900C75480 /* GoogleService-Info.plist */,
				2916B4EC239443F300C75480 /* Assets.xcassets */,
			);
			path = "Skill Tracker";
			sourceTree = "<group>";
		};
		2916B4FD2394810A00C75480 /* Controllers */ = {
			isa = PBXGroup;
			children = (
				2916B4E7239443F200C75480 /* ViewController.swift */,
				2916B508239484A200C75480 /* HomePageViewController.swift */,
				29BD9F2B23B42DB800107E90 /* CreateNewSkillViewController.swift */,
				29BD9F3323B6BF3200107E90 /* SkillViewController.swift */,
			);
			path = Controllers;
			sourceTree = "<group>";
		};
		2916B4FE2394812600C75480 /* Extensions */ = {
			isa = PBXGroup;
			children = (
			);
			path = Extensions;
			sourceTree = "<group>";
		};
		2916B4FF2394813700C75480 /* Models */ = {
			isa = PBXGroup;
			children = (
				292304602394A699000BA663 /* CurrentUserData.swift */,
				298F2163239616B000849D22 /* Skill.swift */,
			);
			path = Models;
			sourceTree = "<group>";
		};
		2916B5002394814000C75480 /* Services */ = {
			isa = PBXGroup;
			children = (
				2923045E23949866000BA663 /* UserService.swift */,
				29230462239605E6000BA663 /* SkillService.swift */,
			);
			path = Services;
			sourceTree = "<group>";
		};
		2916B5012394814B00C75480 /* StoryBoards */ = {
			isa = PBXGroup;
			children = (
				2916B4EE239443F300C75480 /* LaunchScreen.storyboard */,
				2916B4E9239443F200C75480 /* Main.storyboard */,
				2916B5062394842200C75480 /* HomePageStoryboard.storyboard */,
				29BD9F2923B42D8E00107E90 /* CreateNewSkillStoryboard.storyboard */,
				29BD9F3123B6BF0100107E90 /* SkillStoryBoard.storyboard */,
			);
			path = StoryBoards;
			sourceTree = "<group>";
		};
		2916B5022394815600C75480 /* Supporting Files */ = {
			isa = PBXGroup;
			children = (
				29EC53C523B703950060E155 /* DateValueFormatter.swift */,
				29EC53C723B7198D0060E155 /* LineChartCreator.swift */,
			);
			path = "Supporting Files";
			sourceTree = "<group>";
		};
		2916B5032394815C00C75480 /* Views */ = {
			isa = PBXGroup;
			children = (
				29BD9F2723B4191C00107E90 /* skillCell.swift */,
			);
			path = Views;
			sourceTree = "<group>";
		};
		428AC1E7E60117E07451CB01 /* Frameworks */ = {
			isa = PBXGroup;
			children = (
				67CCEEFF920659D4A03B5CA6 /* Pods_Skill_Tracker.framework */,
			);
			name = Frameworks;
			sourceTree = "<group>";
		};
		C00AC8DED5B6A5C79C78203E /* Pods */ = {
			isa = PBXGroup;
			children = (
				3377D6EEB7D8FDE14D0B690F /* Pods-Skill Tracker.debug.xcconfig */,
				9AC96694CC0D4D7B4635A50D /* Pods-Skill Tracker.release.xcconfig */,
			);
			name = Pods;
			sourceTree = "<group>";
		};
/* End PBXGroup section */

/* Begin PBXNativeTarget section */
		2916B4DF239443F200C75480 /* Skill Tracker */ = {
			isa = PBXNativeTarget;
			buildConfigurationList = 2916B4F4239443F300C75480 /* Build configuration list for PBXNativeTarget "Skill Tracker" */;
			buildPhases = (
				1891722A392CFD840ADD90A9 /* [CP] Check Pods Manifest.lock */,
				2916B4DC239443F200C75480 /* Sources */,
				2916B4DD239443F200C75480 /* Frameworks */,
				2916B4DE239443F200C75480 /* Resources */,
				7C2152AEF5E9F42380214E33 /* [CP] Embed Pods Frameworks */,
				567DB6AF0BE514A2E9EEB045 /* [CP] Copy Pods Resources */,
			);
			buildRules = (
			);
			dependencies = (
			);
			name = "Skill Tracker";
			productName = "Skill Tracker";
			productReference = 2916B4E0239443F200C75480 /* Skill Tracker.app */;
			productType = "com.apple.product-type.application";
		};
/* End PBXNativeTarget section */

/* Begin PBXProject section */
		2916B4D8239443F200C75480 /* Project object */ = {
			isa = PBXProject;
			attributes = {
				LastSwiftUpdateCheck = 1120;
				LastUpgradeCheck = 1120;
				ORGANIZATIONNAME = "Jack Soslow";
				TargetAttributes = {
					2916B4DF239443F200C75480 = {
						CreatedOnToolsVersion = 11.2.1;
						LastSwiftMigration = 1120;
					};
				};
			};
			buildConfigurationList = 2916B4DB239443F200C75480 /* Build configuration list for PBXProject "Skill Tracker" */;
			compatibilityVersion = "Xcode 9.3";
			developmentRegion = en;
			hasScannedForEncodings = 0;
			knownRegions = (
				en,
				Base,
			);
			mainGroup = 2916B4D7239443F200C75480;
			productRefGroup = 2916B4E1239443F200C75480 /* Products */;
			projectDirPath = "";
			projectRoot = "";
			targets = (
				2916B4DF239443F200C75480 /* Skill Tracker */,
			);
		};
/* End PBXProject section */

/* Begin PBXResourcesBuildPhase section */
		2916B4DE239443F200C75480 /* Resources */ = {
			isa = PBXResourcesBuildPhase;
			buildActionMask = 2147483647;
			files = (
				2916B4F0239443F300C75480 /* LaunchScreen.storyboard in Resources */,
				2916B4ED239443F300C75480 /* Assets.xcassets in Resources */,
				29BD9F2A23B42D8E00107E90 /* CreateNewSkillStoryboard.storyboard in Resources */,
				2916B4F82394443900C75480 /* GoogleService-Info.plist in Resources */,
				2916B4EB239443F200C75480 /* Main.storyboard in Resources */,
				29BD9F3223B6BF0100107E90 /* SkillStoryBoard.storyboard in Resources */,
				2916B5072394842200C75480 /* HomePageStoryboard.storyboard in Resources */,
			);
			runOnlyForDeploymentPostprocessing = 0;
		};
/* End PBXResourcesBuildPhase section */

/* Begin PBXShellScriptBuildPhase section */
		1891722A392CFD840ADD90A9 /* [CP] Check Pods Manifest.lock */ = {
			isa = PBXShellScriptBuildPhase;
			buildActionMask = 2147483647;
			files = (
			);
			inputFileListPaths = (
			);
			inputPaths = (
				"${PODS_PODFILE_DIR_PATH}/Podfile.lock",
				"${PODS_ROOT}/Manifest.lock",
			);
			name = "[CP] Check Pods Manifest.lock";
			outputFileListPaths = (
			);
			outputPaths = (
				"$(DERIVED_FILE_DIR)/Pods-Skill Tracker-checkManifestLockResult.txt",
			);
			runOnlyForDeploymentPostprocessing = 0;
			shellPath = /bin/sh;
			shellScript = "diff \"${PODS_PODFILE_DIR_PATH}/Podfile.lock\" \"${PODS_ROOT}/Manifest.lock\" > /dev/null\nif [ $? != 0 ] ; then\n    # print error to STDERR\n    echo \"error: The sandbox is not in sync with the Podfile.lock. Run 'pod install' or update your CocoaPods installation.\" >&2\n    exit 1\nfi\n# This output is used by Xcode 'outputs' to avoid re-running this script phase.\necho \"SUCCESS\" > \"${SCRIPT_OUTPUT_FILE_0}\"\n";
			showEnvVarsInLog = 0;
		};
		567DB6AF0BE514A2E9EEB045 /* [CP] Copy Pods Resources */ = {
			isa = PBXShellScriptBuildPhase;
			buildActionMask = 2147483647;
			files = (
			);
			inputFileListPaths = (
			);
			inputPaths = (
				"${SRCROOT}/Pods/Target Support Files/Pods-Skill Tracker/Pods-Skill Tracker-resources.sh",
				"${PODS_CONFIGURATION_BUILD_DIR}/FirebaseUI/FirebaseAuthUI.bundle",
			);
			name = "[CP] Copy Pods Resources";
			outputFileListPaths = (
			);
			outputPaths = (
				"${TARGET_BUILD_DIR}/${UNLOCALIZED_RESOURCES_FOLDER_PATH}/FirebaseAuthUI.bundle",
			);
			runOnlyForDeploymentPostprocessing = 0;
			shellPath = /bin/sh;
			shellScript = "\"${SRCROOT}/Pods/Target Support Files/Pods-Skill Tracker/Pods-Skill Tracker-resources.sh\"\n";
			showEnvVarsInLog = 0;
		};
		7C2152AEF5E9F42380214E33 /* [CP] Embed Pods Frameworks */ = {
			isa = PBXShellScriptBuildPhase;
			buildActionMask = 2147483647;
			files = (
			);
			inputFileListPaths = (
			);
			inputPaths = (
				"${SRCROOT}/Pods/Target Support Files/Pods-Skill Tracker/Pods-Skill Tracker-frameworks.sh",
				"${BUILT_PRODUCTS_DIR}/Bolts/Bolts.framework",
				"${BUILT_PRODUCTS_DIR}/Charts/Charts.framework",
				"${BUILT_PRODUCTS_DIR}/FBSDKCoreKit/FBSDKCoreKit.framework",
				"${BUILT_PRODUCTS_DIR}/FBSDKLoginKit/FBSDKLoginKit.framework",
				"${BUILT_PRODUCTS_DIR}/GTMSessionFetcher/GTMSessionFetcher.framework",
				"${BUILT_PRODUCTS_DIR}/GoogleUtilities/GoogleUtilities.framework",
				"${BUILT_PRODUCTS_DIR}/leveldb-library/leveldb.framework",
				"${BUILT_PRODUCTS_DIR}/nanopb/nanopb.framework",
			);
			name = "[CP] Embed Pods Frameworks";
			outputFileListPaths = (
			);
			outputPaths = (
				"${TARGET_BUILD_DIR}/${FRAMEWORKS_FOLDER_PATH}/Bolts.framework",
				"${TARGET_BUILD_DIR}/${FRAMEWORKS_FOLDER_PATH}/Charts.framework",
				"${TARGET_BUILD_DIR}/${FRAMEWORKS_FOLDER_PATH}/FBSDKCoreKit.framework",
				"${TARGET_BUILD_DIR}/${FRAMEWORKS_FOLDER_PATH}/FBSDKLoginKit.framework",
				"${TARGET_BUILD_DIR}/${FRAMEWORKS_FOLDER_PATH}/GTMSessionFetcher.framework",
				"${TARGET_BUILD_DIR}/${FRAMEWORKS_FOLDER_PATH}/GoogleUtilities.framework",
				"${TARGET_BUILD_DIR}/${FRAMEWORKS_FOLDER_PATH}/leveldb.framework",
				"${TARGET_BUILD_DIR}/${FRAMEWORKS_FOLDER_PATH}/nanopb.framework",
			);
			runOnlyForDeploymentPostprocessing = 0;
			shellPath = /bin/sh;
			shellScript = "\"${SRCROOT}/Pods/Target Support Files/Pods-Skill Tracker/Pods-Skill Tracker-frameworks.sh\"\n";
			showEnvVarsInLog = 0;
		};
/* End PBXShellScriptBuildPhase section */

/* Begin PBXSourcesBuildPhase section */
		2916B4DC239443F200C75480 /* Sources */ = {
			isa = PBXSourcesBuildPhase;
			buildActionMask = 2147483647;
			files = (
				29230463239605E6000BA663 /* SkillService.swift in Sources */,
				29BD9F3423B6BF3200107E90 /* SkillViewController.swift in Sources */,
				29EC53C623B703950060E155 /* DateValueFormatter.swift in Sources */,
				2916B509239484A200C75480 /* HomePageViewController.swift in Sources */,
				29BD9F2823B4191C00107E90 /* skillCell.swift in Sources */,
				2923045F23949866000BA663 /* UserService.swift in Sources */,
				2916B4E8239443F200C75480 /* ViewController.swift in Sources */,
				2916B4E4239443F200C75480 /* AppDelegate.swift in Sources */,
				298F2164239616B000849D22 /* Skill.swift in Sources */,
				29BD9F2C23B42DB800107E90 /* CreateNewSkillViewController.swift in Sources */,
				292304612394A699000BA663 /* CurrentUserData.swift in Sources */,
				29EC53C823B7198D0060E155 /* LineChartCreator.swift in Sources */,
				2916B4E6239443F200C75480 /* SceneDelegate.swift in Sources */,
			);
			runOnlyForDeploymentPostprocessing = 0;
		};
/* End PBXSourcesBuildPhase section */

/* Begin PBXVariantGroup section */
		2916B4E9239443F200C75480 /* Main.storyboard */ = {
			isa = PBXVariantGroup;
			children = (
				2916B4EA239443F200C75480 /* Base */,
			);
			name = Main.storyboard;
			sourceTree = "<group>";
		};
		2916B4EE239443F300C75480 /* LaunchScreen.storyboard */ = {
			isa = PBXVariantGroup;
			children = (
				2916B4EF239443F300C75480 /* Base */,
			);
			name = LaunchScreen.storyboard;
			sourceTree = "<group>";
		};
/* End PBXVariantGroup section */

/* Begin XCBuildConfiguration section */
		2916B4F2239443F300C75480 /* Debug */ = {
			isa = XCBuildConfiguration;
			buildSettings = {
				ALWAYS_SEARCH_USER_PATHS = NO;
				CLANG_ANALYZER_NONNULL = YES;
				CLANG_ANALYZER_NUMBER_OBJECT_CONVERSION = YES_AGGRESSIVE;
				CLANG_CXX_LANGUAGE_STANDARD = "gnu++14";
				CLANG_CXX_LIBRARY = "libc++";
				CLANG_ENABLE_MODULES = YES;
				CLANG_ENABLE_OBJC_ARC = YES;
				CLANG_ENABLE_OBJC_WEAK = YES;
				CLANG_WARN_BLOCK_CAPTURE_AUTORELEASING = YES;
				CLANG_WARN_BOOL_CONVERSION = YES;
				CLANG_WARN_COMMA = YES;
				CLANG_WARN_CONSTANT_CONVERSION = YES;
				CLANG_WARN_DEPRECATED_OBJC_IMPLEMENTATIONS = YES;
				CLANG_WARN_DIRECT_OBJC_ISA_USAGE = YES_ERROR;
				CLANG_WARN_DOCUMENTATION_COMMENTS = YES;
				CLANG_WARN_EMPTY_BODY = YES;
				CLANG_WARN_ENUM_CONVERSION = YES;
				CLANG_WARN_INFINITE_RECURSION = YES;
				CLANG_WARN_INT_CONVERSION = YES;
				CLANG_WARN_NON_LITERAL_NULL_CONVERSION = YES;
				CLANG_WARN_OBJC_IMPLICIT_RETAIN_SELF = YES;
				CLANG_WARN_OBJC_LITERAL_CONVERSION = YES;
				CLANG_WARN_OBJC_ROOT_CLASS = YES_ERROR;
				CLANG_WARN_RANGE_LOOP_ANALYSIS = YES;
				CLANG_WARN_STRICT_PROTOTYPES = YES;
				CLANG_WARN_SUSPICIOUS_MOVE = YES;
				CLANG_WARN_UNGUARDED_AVAILABILITY = YES_AGGRESSIVE;
				CLANG_WARN_UNREACHABLE_CODE = YES;
				CLANG_WARN__DUPLICATE_METHOD_MATCH = YES;
				COPY_PHASE_STRIP = NO;
				DEBUG_INFORMATION_FORMAT = dwarf;
				ENABLE_STRICT_OBJC_MSGSEND = YES;
				ENABLE_TESTABILITY = YES;
				GCC_C_LANGUAGE_STANDARD = gnu11;
				GCC_DYNAMIC_NO_PIC = NO;
				GCC_NO_COMMON_BLOCKS = YES;
				GCC_OPTIMIZATION_LEVEL = 0;
				GCC_PREPROCESSOR_DEFINITIONS = (
					"DEBUG=1",
					"$(inherited)",
				);
				GCC_WARN_64_TO_32_BIT_CONVERSION = YES;
				GCC_WARN_ABOUT_RETURN_TYPE = YES_ERROR;
				GCC_WARN_UNDECLARED_SELECTOR = YES;
				GCC_WARN_UNINITIALIZED_AUTOS = YES_AGGRESSIVE;
				GCC_WARN_UNUSED_FUNCTION = YES;
				GCC_WARN_UNUSED_VARIABLE = YES;
				IPHONEOS_DEPLOYMENT_TARGET = 13.2;
				MTL_ENABLE_DEBUG_INFO = INCLUDE_SOURCE;
				MTL_FAST_MATH = YES;
				ONLY_ACTIVE_ARCH = YES;
				SDKROOT = iphoneos;
				SWIFT_ACTIVE_COMPILATION_CONDITIONS = DEBUG;
				SWIFT_OPTIMIZATION_LEVEL = "-Onone";
			};
			name = Debug;
		};
		2916B4F3239443F300C75480 /* Release */ = {
			isa = XCBuildConfiguration;
			buildSettings = {
				ALWAYS_SEARCH_USER_PATHS = NO;
				CLANG_ANALYZER_NONNULL = YES;
				CLANG_ANALYZER_NUMBER_OBJECT_CONVERSION = YES_AGGRESSIVE;
				CLANG_CXX_LANGUAGE_STANDARD = "gnu++14";
				CLANG_CXX_LIBRARY = "libc++";
				CLANG_ENABLE_MODULES = YES;
				CLANG_ENABLE_OBJC_ARC = YES;
				CLANG_ENABLE_OBJC_WEAK = YES;
				CLANG_WARN_BLOCK_CAPTURE_AUTORELEASING = YES;
				CLANG_WARN_BOOL_CONVERSION = YES;
				CLANG_WARN_COMMA = YES;
				CLANG_WARN_CONSTANT_CONVERSION = YES;
				CLANG_WARN_DEPRECATED_OBJC_IMPLEMENTATIONS = YES;
				CLANG_WARN_DIRECT_OBJC_ISA_USAGE = YES_ERROR;
				CLANG_WARN_DOCUMENTATION_COMMENTS = YES;
				CLANG_WARN_EMPTY_BODY = YES;
				CLANG_WARN_ENUM_CONVERSION = YES;
				CLANG_WARN_INFINITE_RECURSION = YES;
				CLANG_WARN_INT_CONVERSION = YES;
				CLANG_WARN_NON_LITERAL_NULL_CONVERSION = YES;
				CLANG_WARN_OBJC_IMPLICIT_RETAIN_SELF = YES;
				CLANG_WARN_OBJC_LITERAL_CONVERSION = YES;
				CLANG_WARN_OBJC_ROOT_CLASS = YES_ERROR;
				CLANG_WARN_RANGE_LOOP_ANALYSIS = YES;
				CLANG_WARN_STRICT_PROTOTYPES = YES;
				CLANG_WARN_SUSPICIOUS_MOVE = YES;
				CLANG_WARN_UNGUARDED_AVAILABILITY = YES_AGGRESSIVE;
				CLANG_WARN_UNREACHABLE_CODE = YES;
				CLANG_WARN__DUPLICATE_METHOD_MATCH = YES;
				COPY_PHASE_STRIP = NO;
				DEBUG_INFORMATION_FORMAT = "dwarf-with-dsym";
				ENABLE_NS_ASSERTIONS = NO;
				ENABLE_STRICT_OBJC_MSGSEND = YES;
				GCC_C_LANGUAGE_STANDARD = gnu11;
				GCC_NO_COMMON_BLOCKS = YES;
				GCC_WARN_64_TO_32_BIT_CONVERSION = YES;
				GCC_WARN_ABOUT_RETURN_TYPE = YES_ERROR;
				GCC_WARN_UNDECLARED_SELECTOR = YES;
				GCC_WARN_UNINITIALIZED_AUTOS = YES_AGGRESSIVE;
				GCC_WARN_UNUSED_FUNCTION = YES;
				GCC_WARN_UNUSED_VARIABLE = YES;
				IPHONEOS_DEPLOYMENT_TARGET = 13.2;
				MTL_ENABLE_DEBUG_INFO = NO;
				MTL_FAST_MATH = YES;
				SDKROOT = iphoneos;
				SWIFT_COMPILATION_MODE = wholemodule;
				SWIFT_OPTIMIZATION_LEVEL = "-O";
				VALIDATE_PRODUCT = YES;
			};
			name = Release;
		};
		2916B4F5239443F300C75480 /* Debug */ = {
			isa = XCBuildConfiguration;
			baseConfigurationReference = 3377D6EEB7D8FDE14D0B690F /* Pods-Skill Tracker.debug.xcconfig */;
			buildSettings = {
				ASSETCATALOG_COMPILER_APPICON_NAME = AppIcon;
				CLANG_ENABLE_MODULES = YES;
				CODE_SIGN_STYLE = Automatic;
				INFOPLIST_FILE = "Skill Tracker/Info.plist";
				LD_RUNPATH_SEARCH_PATHS = (
					"$(inherited)",
					"@executable_path/Frameworks",
				);
				PRODUCT_BUNDLE_IDENTIFIER = "jack-soslow.Skill-Tracker";
				PRODUCT_NAME = "$(TARGET_NAME)";
				SWIFT_OBJC_BRIDGING_HEADER = "Skill Tracker/Skill Tracker-Bridging-Header.h";
				SWIFT_OPTIMIZATION_LEVEL = "-Onone";
				SWIFT_VERSION = 5.0;
				TARGETED_DEVICE_FAMILY = "1,2";
			};
			name = Debug;
		};
		2916B4F6239443F300C75480 /* Release */ = {
			isa = XCBuildConfiguration;
			baseConfigurationReference = 9AC96694CC0D4D7B4635A50D /* Pods-Skill Tracker.release.xcconfig */;
			buildSettings = {
				ASSETCATALOG_COMPILER_APPICON_NAME = AppIcon;
				CLANG_ENABLE_MODULES = YES;
				CODE_SIGN_STYLE = Automatic;
				INFOPLIST_FILE = "Skill Tracker/Info.plist";
				LD_RUNPATH_SEARCH_PATHS = (
					"$(inherited)",
					"@executable_path/Frameworks",
				);
				PRODUCT_BUNDLE_IDENTIFIER = "jack-soslow.Skill-Tracker";
				PRODUCT_NAME = "$(TARGET_NAME)";
				SWIFT_OBJC_BRIDGING_HEADER = "Skill Tracker/Skill Tracker-Bridging-Header.h";
				SWIFT_VERSION = 5.0;
				TARGETED_DEVICE_FAMILY = "1,2";
			};
			name = Release;
		};
/* End XCBuildConfiguration section */

/* Begin XCConfigurationList section */
		2916B4DB239443F200C75480 /* Build configuration list for PBXProject "Skill Tracker" */ = {
			isa = XCConfigurationList;
			buildConfigurations = (
				2916B4F2239443F300C75480 /* Debug */,
				2916B4F3239443F300C75480 /* Release */,
			);
			defaultConfigurationIsVisible = 0;
			defaultConfigurationName = Release;
		};
		2916B4F4239443F300C75480 /* Build configuration list for PBXNativeTarget "Skill Tracker" */ = {
			isa = XCConfigurationList;
			buildConfigurations = (
				2916B4F5239443F300C75480 /* Debug */,
				2916B4F6239443F300C75480 /* Release */,
			);
			defaultConfigurationIsVisible = 0;
			defaultConfigurationName = Release;
		};
/* End XCConfigurationList section */
	};
	rootObject = 2916B4D8239443F200C75480 /* Project object */;
}
